
Microsoft Visual Studio Solution File, Format Version 12.00
# Visual Studio Version 16
VisualStudioVersion = 16.0.31205.134
MinimumVisualStudioVersion = 10.0.40219.1
Project("{FAE04EC0-301F-11D3-BF4B-00C04F79EFBC}") = "RangeSlider.Avalonia.SampleApp", "RangeSlider.Avalonia.SampleApp\RangeSlider.Avalonia.SampleApp.csproj", "{1AFE7DBC-B553-4859-92E7-F3EDA38BD69A}"
EndProject
Project("{FAE04EC0-301F-11D3-BF4B-00C04F79EFBC}") = "RangeSlider.Avalonia", "RangeSlider.Avalonia\RangeSlider.Avalonia.csproj", "{F2E3917D-CABD-4972-8918-089845004597}"
EndProject
Global
	GlobalSection(SolutionConfigurationPlatforms) = preSolution
		Debug|Any CPU = Debug|Any CPU
		Release|Any CPU = Release|Any CPU
	EndGlobalSection
	GlobalSection(ProjectConfigurationPlatforms) = postSolution
		{1AFE7DBC-B553-4859-92E7-F3EDA38BD69A}.Debug|Any CPU.ActiveCfg = Debug|Any CPU
		{1AFE7DBC-B553-4859-92E7-F3EDA38BD69A}.Debug|Any CPU.Build.0 = Debug|Any CPU
		{1AFE7DBC-B553-4859-92E7-F3EDA38BD69A}.Release|Any CPU.ActiveCfg = Release|Any CPU
		{1AFE7DBC-B553-4859-92E7-F3EDA38BD69A}.Release|Any CPU.Build.0 = Release|Any CPU
		{F2E3917D-CABD-4972-8918-089845004597}.Debug|Any CPU.ActiveCfg = Debug|Any CPU
		{F2E3917D-CABD-4972-8918-089845004597}.Debug|Any CPU.Build.0 = Debug|Any CPU
		{F2E3917D-CABD-4972-8918-089845004597}.Release|Any CPU.ActiveCfg = Release|Any CPU
		{F2E3917D-CABD-4972-8918-089845004597}.Release|Any CPU.Build.0 = Release|Any CPU
	EndGlobalSection
	GlobalSection(SolutionProperties) = preSolution
		HideSolutionNode = FALSE
	EndGlobalSection
	GlobalSection(ExtensibilityGlobals) = postSolution
		SolutionGuid = {BDEE185B-88C1-4DC8-847E-1530563072D1}
	EndGlobalSection
EndGlobal
