
Microsoft Visual Studio Solution File, Format Version 12.00
# Visual Studio Version 17
VisualStudioVersion = 17.3.32804.467
MinimumVisualStudioVersion = 10.0.40219.1
Project("{FAE04EC0-301F-11D3-BF4B-00C04F79EFBC}") = "FluentAvalonia.ProgressRing", "FluentAvalonia.ProgressRing\FluentAvalonia.ProgressRing.csproj", "{D01DC469-0168-4E92-BBD0-5F31C9339EF2}"
EndProject
Global
	GlobalSection(SolutionConfigurationPlatforms) = preSolution
		Debug|Any CPU = Debug|Any CPU
		Release|Any CPU = Release|Any CPU
	EndGlobalSection
	GlobalSection(ProjectConfigurationPlatforms) = postSolution
		{D01DC469-0168-4E92-BBD0-5F31C9339EF2}.Debug|Any CPU.ActiveCfg = Debug|Any CPU
		{D01DC469-0168-4E92-BBD0-5F31C9339EF2}.Debug|Any CPU.Build.0 = Debug|Any CPU
		{D01DC469-0168-4E92-BBD0-5F31C9339EF2}.Release|Any CPU.ActiveCfg = Release|Any CPU
		{D01DC469-0168-4E92-BBD0-5F31C9339EF2}.Release|Any CPU.Build.0 = Release|Any CPU
	EndGlobalSection
	GlobalSection(SolutionProperties) = preSolution
		HideSolutionNode = FALSE
	EndGlobalSection
	GlobalSection(ExtensibilityGlobals) = postSolution
		SolutionGuid = {5D2B9EE2-4EBE-4D36-A993-855A85FEACED}
	EndGlobalSection
EndGlobal
